// !$*UTF8*$!
{
	archiveVersion = 1;
	classes = {
	};
	objectVersion = 46;
	objects = {

/* Begin PBXBuildFile section */
		BD38AE1919DC366F00FE4415 /* AppDelegate.swift in Sources */ = {isa = PBXBuildFile; fileRef = BD38AE1819DC366F00FE4415 /* AppDelegate.swift */; };
		BD38AE1B19DC366F00FE4415 /* ViewController.swift in Sources */ = {isa = PBXBuildFile; fileRef = BD38AE1A19DC366F00FE4415 /* ViewController.swift */; };
		BD38AE1E19DC366F00FE4415 /* Main.storyboard in Resources */ = {isa = PBXBuildFile; fileRef = BD38AE1C19DC366F00FE4415 /* Main.storyboard */; };
		BD38AE2019DC366F00FE4415 /* Images.xcassets in Resources */ = {isa = PBXBuildFile; fileRef = BD38AE1F19DC366F00FE4415 /* Images.xcassets */; };
		BD38AE2319DC366F00FE4415 /* LaunchScreen.xib in Resources */ = {isa = PBXBuildFile; fileRef = BD38AE2119DC366F00FE4415 /* LaunchScreen.xib */; };
		BD38AE2F19DC366F00FE4415 /* PostcardTests.swift in Sources */ = {isa = PBXBuildFile; fileRef = BD38AE2E19DC366F00FE4415 /* PostcardTests.swift */; };
		BD38AE3919DC6ED600FE4415 /* SagradaFamilia.jpeg in Resources */ = {isa = PBXBuildFile; fileRef = BD38AE3819DC6ED600FE4415 /* SagradaFamilia.jpeg */; };
		BD38AE3B19DCA5F000FE4415 /* AlbertEinsteinStamp.jpg in Resources */ = {isa = PBXBuildFile; fileRef = BD38AE3A19DCA5F000FE4415 /* AlbertEinsteinStamp.jpg */; };
/* End PBXBuildFile section */

/* Begin PBXContainerItemProxy section */
		BD38AE2919DC366F00FE4415 /* PBXContainerItemProxy */ = {
			isa = PBXContainerItemProxy;
			containerPortal = BD38AE0B19DC366F00FE4415 /* Project object */;
			proxyType = 1;
			remoteGlobalIDString = BD38AE1219DC366F00FE4415;
			remoteInfo = Postcard;
		};
/* End PBXContainerItemProxy section */

/* Begin PBXFileReference section */
		BD38AE1319DC366F00FE4415 /* Postcard.app */ = {isa = PBXFileReference; explicitFileType = wrapper.application; includeInIndex = 0; path = Postcard.app; sourceTree = BUILT_PRODUCTS_DIR; };
		BD38AE1719DC366F00FE4415 /* Info.plist */ = {isa = PBXFileReference; lastKnownFileType = text.plist.xml; path = Info.plist; sourceTree = "<group>"; };
		BD38AE1819DC366F00FE4415 /* AppDelegate.swift */ = {isa = PBXFileReference; lastKnownFileType = sourcecode.swift; path = AppDelegate.swift; sourceTree = "<group>"; };
		BD38AE1A19DC366F00FE4415 /* ViewController.swift */ = {isa = PBXFileReference; lastKnownFileType = sourcecode.swift; path = ViewController.swift; sourceTree = "<group>"; };
		BD38AE1D19DC366F00FE4415 /* Base */ = {isa = PBXFileReference; lastKnownFileType = file.storyboard; name = Base; path = Base.lproj/Main.storyboard; sourceTree = "<group>"; };
		BD38AE1F19DC366F00FE4415 /* Images.xcassets */ = {isa = PBXFileReference; lastKnownFileType = folder.assetcatalog; path = Images.xcassets; sourceTree = "<group>"; };
		BD38AE2219DC366F00FE4415 /* Base */ = {isa = PBXFileReference; lastKnownFileType = file.xib; name = Base; path = Base.lproj/LaunchScreen.xib; sourceTree = "<group>"; };
		BD38AE2819DC366F00FE4415 /* PostcardTests.xctest */ = {isa = PBXFileReference; explicitFileType = wrapper.cfbundle; includeInIndex = 0; path = PostcardTests.xctest; sourceTree = BUILT_PRODUCTS_DIR; };
		BD38AE2D19DC366F00FE4415 /* Info.plist */ = {isa = PBXFileReference; lastKnownFileType = text.plist.xml; path = Info.plist; sourceTree = "<group>"; };
		BD38AE2E19DC366F00FE4415 /* PostcardTests.swift */ = {isa = PBXFileReference; lastKnownFileType = sourcecode.swift; path = PostcardTests.swift; sourceTree = "<group>"; };
		BD38AE3819DC6ED600FE4415 /* SagradaFamilia.jpeg */ = {isa = PBXFileReference; lastKnownFileType = image.jpeg; path = SagradaFamilia.jpeg; sourceTree = "<group>"; };
		BD38AE3A19DCA5F000FE4415 /* AlbertEinsteinStamp.jpg */ = {isa = PBXFileReference; lastKnownFileType = image.jpeg; path = AlbertEinsteinStamp.jpg; sourceTree = "<group>"; };
/* End PBXFileReference section */

/* Begin PBXFrameworksBuildPhase section */
		BD38AE1019DC366F00FE4415 /* Frameworks */ = {
			isa = PBXFrameworksBuildPhase;
			buildActionMask = 2147483647;
			files = (
			);
			runOnlyForDeploymentPostprocessing = 0;
		};
		BD38AE2519DC366F00FE4415 /* Frameworks */ = {
			isa = PBXFrameworksBuildPhase;
			buildActionMask = 2147483647;
			files = (
			);
			runOnlyForDeploymentPostprocessing = 0;
		};
/* End PBXFrameworksBuildPhase section */

/* Begin PBXGroup section */
		BD38AE0A19DC366F00FE4415 = {
			isa = PBXGroup;
			children = (
				BD38AE1519DC366F00FE4415 /* Postcard */,
				BD38AE2B19DC366F00FE4415 /* PostcardTests */,
				BD38AE1419DC366F00FE4415 /* Products */,
			);
			sourceTree = "<group>";
		};
		BD38AE1419DC366F00FE4415 /* Products */ = {
			isa = PBXGroup;
			children = (
				BD38AE1319DC366F00FE4415 /* Postcard.app */,
				BD38AE2819DC366F00FE4415 /* PostcardTests.xctest */,
			);
			name = Products;
			sourceTree = "<group>";
		};
		BD38AE1519DC366F00FE4415 /* Postcard */ = {
			isa = PBXGroup;
			children = (
				BD38AE1819DC366F00FE4415 /* AppDelegate.swift */,
				BD38AE1A19DC366F00FE4415 /* ViewController.swift */,
				BD38AE1C19DC366F00FE4415 /* Main.storyboard */,
				BD38AE1F19DC366F00FE4415 /* Images.xcassets */,
				BD38AE2119DC366F00FE4415 /* LaunchScreen.xib */,
				BD38AE1619DC366F00FE4415 /* Supporting Files */,
			);
			path = Postcard;
			sourceTree = "<group>";
		};
		BD38AE1619DC366F00FE4415 /* Supporting Files */ = {
			isa = PBXGroup;
			children = (
				BD38AE3A19DCA5F000FE4415 /* AlbertEinsteinStamp.jpg */,
				BD38AE3819DC6ED600FE4415 /* SagradaFamilia.jpeg */,
				BD38AE1719DC366F00FE4415 /* Info.plist */,
			);
			name = "Supporting Files";
			sourceTree = "<group>";
		};
		BD38AE2B19DC366F00FE4415 /* PostcardTests */ = {
			isa = PBXGroup;
			children = (
				BD38AE2E19DC366F00FE4415 /* PostcardTests.swift */,
				BD38AE2C19DC366F00FE4415 /* Supporting Files */,
			);
			path = PostcardTests;
			sourceTree = "<group>";
		};
		BD38AE2C19DC366F00FE4415 /* Supporting Files */ = {
			isa = PBXGroup;
			children = (
				BD38AE2D19DC366F00FE4415 /* Info.plist */,
			);
			name = "Supporting Files";
			sourceTree = "<group>";
		};
/* End PBXGroup section */

/* Begin PBXNativeTarget section */
		BD38AE1219DC366F00FE4415 /* Postcard */ = {
			isa = PBXNativeTarget;
			buildConfigurationList = BD38AE3219DC366F00FE4415 /* Build configuration list for PBXNativeTarget "Postcard" */;
			buildPhases = (
				BD38AE0F19DC366F00FE4415 /* Sources */,
				BD38AE1019DC366F00FE4415 /* Frameworks */,
				BD38AE1119DC366F00FE4415 /* Resources */,
			);
			buildRules = (
			);
			dependencies = (
			);
			name = Postcard;
			productName = Postcard;
			productReference = BD38AE1319DC366F00FE4415 /* Postcard.app */;
			productType = "com.apple.product-type.application";
		};
		BD38AE2719DC366F00FE4415 /* PostcardTests */ = {
			isa = PBXNativeTarget;
			buildConfigurationList = BD38AE3519DC366F00FE4415 /* Build configuration list for PBXNativeTarget "PostcardTests" */;
			buildPhases = (
				BD38AE2419DC366F00FE4415 /* Sources */,
				BD38AE2519DC366F00FE4415 /* Frameworks */,
				BD38AE2619DC366F00FE4415 /* Resources */,
			);
			buildRules = (
			);
			dependencies = (
				BD38AE2A19DC366F00FE4415 /* PBXTargetDependency */,
			);
			name = PostcardTests;
			productName = PostcardTests;
			productReference = BD38AE2819DC366F00FE4415 /* PostcardTests.xctest */;
			productType = "com.apple.product-type.bundle.unit-test";
		};
/* End PBXNativeTarget section */

/* Begin PBXProject section */
		BD38AE0B19DC366F00FE4415 /* Project object */ = {
			isa = PBXProject;
			attributes = {
				LastUpgradeCheck = 0600;
				ORGANIZATIONNAME = Phil;
				TargetAttributes = {
					BD38AE1219DC366F00FE4415 = {
						CreatedOnToolsVersion = 6.0.1;
					};
					BD38AE2719DC366F00FE4415 = {
						CreatedOnToolsVersion = 6.0.1;
						TestTargetID = BD38AE1219DC366F00FE4415;
					};
				};
			};
			buildConfigurationList = BD38AE0E19DC366F00FE4415 /* Build configuration list for PBXProject "Postcard" */;
			compatibilityVersion = "Xcode 3.2";
			developmentRegion = English;
			hasScannedForEncodings = 0;
			knownRegions = (
				en,
				Base,
			);
			mainGroup = BD38AE0A19DC366F00FE4415;
			productRefGroup = BD38AE1419DC366F00FE4415 /* Products */;
			projectDirPath = "";
			projectRoot = "";
			targets = (
				BD38AE1219DC366F00FE4415 /* Postcard */,
				BD38AE2719DC366F00FE4415 /* PostcardTests */,
			);
		};
/* End PBXProject section */

/* Begin PBXResourcesBuildPhase section */
		BD38AE1119DC366F00FE4415 /* Resources */ = {
			isa = PBXResourcesBuildPhase;
			buildActionMask = 2147483647;
			files = (
				BD38AE1E19DC366F00FE4415 /* Main.storyboard in Resources */,
				BD38AE3919DC6ED600FE4415 /* SagradaFamilia.jpeg in Resources */,
				BD38AE3B19DCA5F000FE4415 /* AlbertEinsteinStamp.jpg in Resources */,
				BD38AE2319DC366F00FE4415 /* LaunchScreen.xib in Resources */,
				BD38AE2019DC366F00FE4415 /* Images.xcassets in Resources */,
			);
			runOnlyForDeploymentPostprocessing = 0;
		};
		BD38AE2619DC366F00FE4415 /* Resources */ = {
			isa = PBXResourcesBuildPhase;
			buildActionMask = 2147483647;
			files = (
			);
			runOnlyForDeploymentPostprocessing = 0;
		};
/* End PBXResourcesBuildPhase section */

/* Begin PBXSourcesBuildPhase section */
		BD38AE0F19DC366F00FE4415 /* Sources */ = {
			isa = PBXSourcesBuildPhase;
			buildActionMask = 2147483647;
			files = (
				BD38AE1B19DC366F00FE4415 /* ViewController.swift in Sources */,
				BD38AE1919DC366F00FE4415 /* AppDelegate.swift in Sources */,
			);
			runOnlyForDeploymentPostprocessing = 0;
		};
		BD38AE2419DC366F00FE4415 /* Sources */ = {
			isa = PBXSourcesBuildPhase;
			buildActionMask = 2147483647;
			files = (
				BD38AE2F19DC366F00FE4415 /* PostcardTests.swift in Sources */,
			);
			runOnlyForDeploymentPostprocessing = 0;
		};
/* End PBXSourcesBuildPhase section */

/* Begin PBXTargetDependency section */
		BD38AE2A19DC366F00FE4415 /* PBXTargetDependency */ = {
			isa = PBXTargetDependency;
			target = BD38AE1219DC366F00FE4415 /* Postcard */;
			targetProxy = BD38AE2919DC366F00FE4415 /* PBXContainerItemProxy */;
		};
/* End PBXTargetDependency section */

/* Begin PBXVariantGroup section */
		BD38AE1C19DC366F00FE4415 /* Main.storyboard */ = {
			isa = PBXVariantGroup;
			children = (
				BD38AE1D19DC366F00FE4415 /* Base */,
			);
			name = Main.storyboard;
			sourceTree = "<group>";
		};
		BD38AE2119DC366F00FE4415 /* LaunchScreen.xib */ = {
			isa = PBXVariantGroup;
			children = (
				BD38AE2219DC366F00FE4415 /* Base */,
			);
			name = LaunchScreen.xib;
			sourceTree = "<group>";
		};
/* End PBXVariantGroup section */

/* Begin XCBuildConfiguration section */
		BD38AE3019DC366F00FE4415 /* Debug */ = {
			isa = XCBuildConfiguration;
			buildSettings = {
				ALWAYS_SEARCH_USER_PATHS = NO;
				CLANG_CXX_LANGUAGE_STANDARD = "gnu++0x";
				CLANG_CXX_LIBRARY = "libc++";
				CLANG_ENABLE_MODULES = YES;
				CLANG_ENABLE_OBJC_ARC = YES;
				CLANG_WARN_BOOL_CONVERSION = YES;
				CLANG_WARN_CONSTANT_CONVERSION = YES;
				CLANG_WARN_DIRECT_OBJC_ISA_USAGE = YES_ERROR;
				CLANG_WARN_EMPTY_BODY = YES;
				CLANG_WARN_ENUM_CONVERSION = YES;
				CLANG_WARN_INT_CONVERSION = YES;
				CLANG_WARN_OBJC_ROOT_CLASS = YES_ERROR;
				CLANG_WARN_UNREACHABLE_CODE = YES;
				CLANG_WARN__DUPLICATE_METHOD_MATCH = YES;
				"CODE_SIGN_IDENTITY[sdk=iphoneos*]" = "iPhone Developer";
				COPY_PHASE_STRIP = NO;
				ENABLE_STRICT_OBJC_MSGSEND = YES;
				GCC_C_LANGUAGE_STANDARD = gnu99;
				GCC_DYNAMIC_NO_PIC = NO;
				GCC_OPTIMIZATION_LEVEL = 0;
				GCC_PREPROCESSOR_DEFINITIONS = (
					"DEBUG=1",
					"$(inherited)",
				);
				GCC_SYMBOLS_PRIVATE_EXTERN = NO;
				GCC_WARN_64_TO_32_BIT_CONVERSION = YES;
				GCC_WARN_ABOUT_RETURN_TYPE = YES_ERROR;
				GCC_WARN_UNDECLARED_SELECTOR = YES;
				GCC_WARN_UNINITIALIZED_AUTOS = YES_AGGRESSIVE;
				GCC_WARN_UNUSED_FUNCTION = YES;
				GCC_WARN_UNUSED_VARIABLE = YES;
				IPHONEOS_DEPLOYMENT_TARGET = 8.0;
				MTL_ENABLE_DEBUG_INFO = YES;
				ONLY_ACTIVE_ARCH = YES;
				SDKROOT = iphoneos;
				SWIFT_OPTIMIZATION_LEVEL = "-Onone";
			};
			name = Debug;
		};
		BD38AE3119DC366F00FE4415 /* Release */ = {
			isa = XCBuildConfiguration;
			buildSettings = {
				ALWAYS_SEARCH_USER_PATHS = NO;
				CLANG_CXX_LANGUAGE_STANDARD = "gnu++0x";
				CLANG_CXX_LIBRARY = "libc++";
				CLANG_ENABLE_MODULES = YES;
				CLANG_ENABLE_OBJC_ARC = YES;
				CLANG_WARN_BOOL_CONVERSION = YES;
				CLANG_WARN_CONSTANT_CONVERSION = YES;
				CLANG_WARN_DIRECT_OBJC_ISA_USAGE = YES_ERROR;
				CLANG_WARN_EMPTY_BODY = YES;
				CLANG_WARN_ENUM_CONVERSION = YES;
				CLANG_WARN_INT_CONVERSION = YES;
				CLANG_WARN_OBJC_ROOT_CLASS = YES_ERROR;
				CLANG_WARN_UNREACHABLE_CODE = YES;
				CLANG_WARN__DUPLICATE_METHOD_MATCH = YES;
				"CODE_SIGN_IDENTITY[sdk=iphoneos*]" = "iPhone Developer";
				COPY_PHASE_STRIP = YES;
				ENABLE_NS_ASSERTIONS = NO;
				ENABLE_STRICT_OBJC_MSGSEND = YES;
				GCC_C_LANGUAGE_STANDARD = gnu99;
				GCC_WARN_64_TO_32_BIT_CONVERSION = YES;
				GCC_WARN_ABOUT_RETURN_TYPE = YES_ERROR;
				GCC_WARN_UNDECLARED_SELECTOR = YES;
				GCC_WARN_UNINITIALIZED_AUTOS = YES_AGGRESSIVE;
				GCC_WARN_UNUSED_FUNCTION = YES;
				GCC_WARN_UNUSED_VARIABLE = YES;
				IPHONEOS_DEPLOYMENT_TARGET = 8.0;
				MTL_ENABLE_DEBUG_INFO = NO;
				SDKROOT = iphoneos;
				VALIDATE_PRODUCT = YES;
			};
			name = Release;
		};
		BD38AE3319DC366F00FE4415 /* Debug */ = {
			isa = XCBuildConfiguration;
			buildSettings = {
				ASSETCATALOG_COMPILER_APPICON_NAME = AppIcon;
				INFOPLIST_FILE = Postcard/Info.plist;
				LD_RUNPATH_SEARCH_PATHS = "$(inherited) @executable_path/Frameworks";
				PRODUCT_NAME = "$(TARGET_NAME)";
			};
			name = Debug;
		};
		BD38AE3419DC366F00FE4415 /* Release */ = {
			isa = XCBuildConfiguration;
			buildSettings = {
				ASSETCATALOG_COMPILER_APPICON_NAME = AppIcon;
				INFOPLIST_FILE = Postcard/Info.plist;
				LD_RUNPATH_SEARCH_PATHS = "$(inherited) @executable_path/Frameworks";
				PRODUCT_NAME = "$(TARGET_NAME)";
			};
			name = Release;
		};
		BD38AE3619DC366F00FE4415 /* Debug */ = {
			isa = XCBuildConfiguration;
			buildSettings = {
				BUNDLE_LOADER = "$(TEST_HOST)";
				FRAMEWORK_SEARCH_PATHS = (
					"$(SDKROOT)/Developer/Library/Frameworks",
					"$(inherited)",
				);
				GCC_PREPROCESSOR_DEFINITIONS = (
					"DEBUG=1",
					"$(inherited)",
				);
				INFOPLIST_FILE = PostcardTests/Info.plist;
				LD_RUNPATH_SEARCH_PATHS = "$(inherited) @executable_path/Frameworks @loader_path/Frameworks";
				PRODUCT_NAME = "$(TARGET_NAME)";
				TEST_HOST = "$(BUILT_PRODUCTS_DIR)/Postcard.app/Postcard";
			};
			name = Debug;
		};
		BD38AE3719DC366F00FE4415 /* Release */ = {
			isa = XCBuildConfiguration;
			buildSettings = {
				BUNDLE_LOADER = "$(TEST_HOST)";
				FRAMEWORK_SEARCH_PATHS = (
					"$(SDKROOT)/Developer/Library/Frameworks",
					"$(inherited)",
				);
				INFOPLIST_FILE = PostcardTests/Info.plist;
				LD_RUNPATH_SEARCH_PATHS = "$(inherited) @executable_path/Frameworks @loader_path/Frameworks";
				PRODUCT_NAME = "$(TARGET_NAME)";
				TEST_HOST = "$(BUILT_PRODUCTS_DIR)/Postcard.app/Postcard";
			};
			name = Release;
		};
/* End XCBuildConfiguration section */

/* Begin XCConfigurationList section */
		BD38AE0E19DC366F00FE4415 /* Build configuration list for PBXProject "Postcard" */ = {
			isa = XCConfigurationList;
			buildConfigurations = (
				BD38AE3019DC366F00FE4415 /* Debug */,
				BD38AE3119DC366F00FE4415 /* Release */,
			);
			defaultConfigurationIsVisible = 0;
			defaultConfigurationName = Release;
		};
		BD38AE3219DC366F00FE4415 /* Build configuration list for PBXNativeTarget "Postcard" */ = {
			isa = XCConfigurationList;
			buildConfigurations = (
				BD38AE3319DC366F00FE4415 /* Debug */,
				BD38AE3419DC366F00FE4415 /* Release */,
			);
			defaultConfigurationIsVisible = 0;
		};
		BD38AE3519DC366F00FE4415 /* Build configuration list for PBXNativeTarget "PostcardTests" */ = {
			isa = XCConfigurationList;
			buildConfigurations = (
				BD38AE3619DC366F00FE4415 /* Debug */,
				BD38AE3719DC366F00FE4415 /* Release */,
			);
			defaultConfigurationIsVisible = 0;
		};
/* End XCConfigurationList section */
	};
	rootObject = BD38AE0B19DC366F00FE4415 /* Project object */;
}
